
Microsoft Visual Studio Solution File, Format Version 12.00
# Visual Studio Version 17
VisualStudioVersion = 17.3.32922.545
MinimumVisualStudioVersion = 10.0.40219.1
Project("{FAE04EC0-301F-11D3-BF4B-00C04F79EFBC}") = "RestSharp Project", "RestSharp Project.csproj", "{1A05EF20-AB7B-46E7-A0DF-F4F01F27CF35}"
EndProject
Global
	GlobalSection(SolutionConfigurationPlatforms) = preSolution
		Debug|Any CPU = Debug|Any CPU
		Release|Any CPU = Release|Any CPU
	EndGlobalSection
	GlobalSection(ProjectConfigurationPlatforms) = postSolution
		{1A05EF20-AB7B-46E7-A0DF-F4F01F27CF35}.Debug|Any CPU.ActiveCfg = Debug|Any CPU
		{1A05EF20-AB7B-46E7-A0DF-F4F01F27CF35}.Debug|Any CPU.Build.0 = Debug|Any CPU
		{1A05EF20-AB7B-46E7-A0DF-F4F01F27CF35}.Release|Any CPU.ActiveCfg = Release|Any CPU
		{1A05EF20-AB7B-46E7-A0DF-F4F01F27CF35}.Release|Any CPU.Build.0 = Release|Any CPU
	EndGlobalSection
	GlobalSection(SolutionProperties) = preSolution
		HideSolutionNode = FALSE
	EndGlobalSection
	GlobalSection(ExtensibilityGlobals) = postSolution
		SolutionGuid = {C0CB3D92-8446-42A0-880C-6ABE8BBFAC5A}
	EndGlobalSection
EndGlobal
